
Microsoft Visual Studio Solution File, Format Version 12.00
# Visual Studio 15
VisualStudioVersion = 15.0.28010.2041
MinimumVisualStudioVersion = 10.0.40219.1
Project("{9A19103F-16F7-4668-BE54-9A1E7A4F7556}") = "Entities", "DataAccess\Entities.csproj", "{8A6C9F75-F1D0-4006-A30C-8BF5258A2DA9}"
EndProject
Project("{FAE04EC0-301F-11D3-BF4B-00C04F79EFBC}") = "AppInterface", "AppInterface\AppInterface.csproj", "{BD8F9734-27C4-4EEB-8FC2-583A5933A104}"
EndProject
Project("{FAE04EC0-301F-11D3-BF4B-00C04F79EFBC}") = "RestaurantTests", "RestaurantTests\RestaurantTests.csproj", "{F10591E1-6D45-484C-95DD-493A6C8E2376}"
EndProject
Project("{FAE04EC0-301F-11D3-BF4B-00C04F79EFBC}") = "DBAccess", "DBAccess\DBAccess.csproj", "{5CBE13A9-8941-4B62-89F8-AB4FCE886664}"
EndProject
Project("{FAE04EC0-301F-11D3-BF4B-00C04F79EFBC}") = "ConsoleTestDelete", "ConsoleTestDelete\ConsoleTestDelete.csproj", "{01BFCB29-802B-47F8-8323-616CFD4F26F0}"
EndProject
Project("{FAE04EC0-301F-11D3-BF4B-00C04F79EFBC}") = "Business_Logic", "Business_Logic\Business_Logic.csproj", "{6257543D-EA5B-463B-87FD-72A7DAC1506E}"
EndProject
Global
	GlobalSection(SolutionConfigurationPlatforms) = preSolution
		Debug|Any CPU = Debug|Any CPU
		Debug|ARM = Debug|ARM
		Debug|x64 = Debug|x64
		Debug|x86 = Debug|x86
		Release|Any CPU = Release|Any CPU
		Release|ARM = Release|ARM
		Release|x64 = Release|x64
		Release|x86 = Release|x86
	EndGlobalSection
	GlobalSection(ProjectConfigurationPlatforms) = postSolution
		{8A6C9F75-F1D0-4006-A30C-8BF5258A2DA9}.Debug|Any CPU.ActiveCfg = Debug|Any CPU
		{8A6C9F75-F1D0-4006-A30C-8BF5258A2DA9}.Debug|Any CPU.Build.0 = Debug|Any CPU
		{8A6C9F75-F1D0-4006-A30C-8BF5258A2DA9}.Debug|ARM.ActiveCfg = Debug|Any CPU
		{8A6C9F75-F1D0-4006-A30C-8BF5258A2DA9}.Debug|ARM.Build.0 = Debug|Any CPU
		{8A6C9F75-F1D0-4006-A30C-8BF5258A2DA9}.Debug|x64.ActiveCfg = Debug|Any CPU
		{8A6C9F75-F1D0-4006-A30C-8BF5258A2DA9}.Debug|x64.Build.0 = Debug|Any CPU
		{8A6C9F75-F1D0-4006-A30C-8BF5258A2DA9}.Debug|x86.ActiveCfg = Debug|Any CPU
		{8A6C9F75-F1D0-4006-A30C-8BF5258A2DA9}.Debug|x86.Build.0 = Debug|Any CPU
		{8A6C9F75-F1D0-4006-A30C-8BF5258A2DA9}.Release|Any CPU.ActiveCfg = Release|Any CPU
		{8A6C9F75-F1D0-4006-A30C-8BF5258A2DA9}.Release|Any CPU.Build.0 = Release|Any CPU
		{8A6C9F75-F1D0-4006-A30C-8BF5258A2DA9}.Release|ARM.ActiveCfg = Release|Any CPU
		{8A6C9F75-F1D0-4006-A30C-8BF5258A2DA9}.Release|ARM.Build.0 = Release|Any CPU
		{8A6C9F75-F1D0-4006-A30C-8BF5258A2DA9}.Release|x64.ActiveCfg = Release|Any CPU
		{8A6C9F75-F1D0-4006-A30C-8BF5258A2DA9}.Release|x64.Build.0 = Release|Any CPU
		{8A6C9F75-F1D0-4006-A30C-8BF5258A2DA9}.Release|x86.ActiveCfg = Release|Any CPU
		{8A6C9F75-F1D0-4006-A30C-8BF5258A2DA9}.Release|x86.Build.0 = Release|Any CPU
		{BD8F9734-27C4-4EEB-8FC2-583A5933A104}.Debug|Any CPU.ActiveCfg = Debug|Any CPU
		{BD8F9734-27C4-4EEB-8FC2-583A5933A104}.Debug|Any CPU.Build.0 = Debug|Any CPU
		{BD8F9734-27C4-4EEB-8FC2-583A5933A104}.Debug|ARM.ActiveCfg = Debug|Any CPU
		{BD8F9734-27C4-4EEB-8FC2-583A5933A104}.Debug|ARM.Build.0 = Debug|Any CPU
		{BD8F9734-27C4-4EEB-8FC2-583A5933A104}.Debug|x64.ActiveCfg = Debug|Any CPU
		{BD8F9734-27C4-4EEB-8FC2-583A5933A104}.Debug|x64.Build.0 = Debug|Any CPU
		{BD8F9734-27C4-4EEB-8FC2-583A5933A104}.Debug|x86.ActiveCfg = Debug|Any CPU
		{BD8F9734-27C4-4EEB-8FC2-583A5933A104}.Debug|x86.Build.0 = Debug|Any CPU
		{BD8F9734-27C4-4EEB-8FC2-583A5933A104}.Release|Any CPU.ActiveCfg = Release|Any CPU
		{BD8F9734-27C4-4EEB-8FC2-583A5933A104}.Release|Any CPU.Build.0 = Release|Any CPU
		{BD8F9734-27C4-4EEB-8FC2-583A5933A104}.Release|ARM.ActiveCfg = Release|Any CPU
		{BD8F9734-27C4-4EEB-8FC2-583A5933A104}.Release|ARM.Build.0 = Release|Any CPU
		{BD8F9734-27C4-4EEB-8FC2-583A5933A104}.Release|x64.ActiveCfg = Release|Any CPU
		{BD8F9734-27C4-4EEB-8FC2-583A5933A104}.Release|x64.Build.0 = Release|Any CPU
		{BD8F9734-27C4-4EEB-8FC2-583A5933A104}.Release|x86.ActiveCfg = Release|Any CPU
		{BD8F9734-27C4-4EEB-8FC2-583A5933A104}.Release|x86.Build.0 = Release|Any CPU
		{F10591E1-6D45-484C-95DD-493A6C8E2376}.Debug|Any CPU.ActiveCfg = Debug|Any CPU
		{F10591E1-6D45-484C-95DD-493A6C8E2376}.Debug|Any CPU.Build.0 = Debug|Any CPU
		{F10591E1-6D45-484C-95DD-493A6C8E2376}.Debug|ARM.ActiveCfg = Debug|Any CPU
		{F10591E1-6D45-484C-95DD-493A6C8E2376}.Debug|ARM.Build.0 = Debug|Any CPU
		{F10591E1-6D45-484C-95DD-493A6C8E2376}.Debug|x64.ActiveCfg = Debug|Any CPU
		{F10591E1-6D45-484C-95DD-493A6C8E2376}.Debug|x64.Build.0 = Debug|Any CPU
		{F10591E1-6D45-484C-95DD-493A6C8E2376}.Debug|x86.ActiveCfg = Debug|Any CPU
		{F10591E1-6D45-484C-95DD-493A6C8E2376}.Debug|x86.Build.0 = Debug|Any CPU
		{F10591E1-6D45-484C-95DD-493A6C8E2376}.Release|Any CPU.ActiveCfg = Release|Any CPU
		{F10591E1-6D45-484C-95DD-493A6C8E2376}.Release|Any CPU.Build.0 = Release|Any CPU
		{F10591E1-6D45-484C-95DD-493A6C8E2376}.Release|ARM.ActiveCfg = Release|Any CPU
		{F10591E1-6D45-484C-95DD-493A6C8E2376}.Release|ARM.Build.0 = Release|Any CPU
		{F10591E1-6D45-484C-95DD-493A6C8E2376}.Release|x64.ActiveCfg = Release|Any CPU
		{F10591E1-6D45-484C-95DD-493A6C8E2376}.Release|x64.Build.0 = Release|Any CPU
		{F10591E1-6D45-484C-95DD-493A6C8E2376}.Release|x86.ActiveCfg = Release|Any CPU
		{F10591E1-6D45-484C-95DD-493A6C8E2376}.Release|x86.Build.0 = Release|Any CPU
		{5CBE13A9-8941-4B62-89F8-AB4FCE886664}.Debug|Any CPU.ActiveCfg = Debug|Any CPU
		{5CBE13A9-8941-4B62-89F8-AB4FCE886664}.Debug|Any CPU.Build.0 = Debug|Any CPU
		{5CBE13A9-8941-4B62-89F8-AB4FCE886664}.Debug|ARM.ActiveCfg = Debug|Any CPU
		{5CBE13A9-8941-4B62-89F8-AB4FCE886664}.Debug|ARM.Build.0 = Debug|Any CPU
		{5CBE13A9-8941-4B62-89F8-AB4FCE886664}.Debug|x64.ActiveCfg = Debug|Any CPU
		{5CBE13A9-8941-4B62-89F8-AB4FCE886664}.Debug|x64.Build.0 = Debug|Any CPU
		{5CBE13A9-8941-4B62-89F8-AB4FCE886664}.Debug|x86.ActiveCfg = Debug|Any CPU
		{5CBE13A9-8941-4B62-89F8-AB4FCE886664}.Debug|x86.Build.0 = Debug|Any CPU
		{5CBE13A9-8941-4B62-89F8-AB4FCE886664}.Release|Any CPU.ActiveCfg = Release|Any CPU
		{5CBE13A9-8941-4B62-89F8-AB4FCE886664}.Release|Any CPU.Build.0 = Release|Any CPU
		{5CBE13A9-8941-4B62-89F8-AB4FCE886664}.Release|ARM.ActiveCfg = Release|Any CPU
		{5CBE13A9-8941-4B62-89F8-AB4FCE886664}.Release|ARM.Build.0 = Release|Any CPU
		{5CBE13A9-8941-4B62-89F8-AB4FCE886664}.Release|x64.ActiveCfg = Release|Any CPU
		{5CBE13A9-8941-4B62-89F8-AB4FCE886664}.Release|x64.Build.0 = Release|Any CPU
		{5CBE13A9-8941-4B62-89F8-AB4FCE886664}.Release|x86.ActiveCfg = Release|Any CPU
		{5CBE13A9-8941-4B62-89F8-AB4FCE886664}.Release|x86.Build.0 = Release|Any CPU
		{01BFCB29-802B-47F8-8323-616CFD4F26F0}.Debug|Any CPU.ActiveCfg = Debug|Any CPU
		{01BFCB29-802B-47F8-8323-616CFD4F26F0}.Debug|Any CPU.Build.0 = Debug|Any CPU
		{01BFCB29-802B-47F8-8323-616CFD4F26F0}.Debug|ARM.ActiveCfg = Debug|Any CPU
		{01BFCB29-802B-47F8-8323-616CFD4F26F0}.Debug|ARM.Build.0 = Debug|Any CPU
		{01BFCB29-802B-47F8-8323-616CFD4F26F0}.Debug|x64.ActiveCfg = Debug|Any CPU
		{01BFCB29-802B-47F8-8323-616CFD4F26F0}.Debug|x64.Build.0 = Debug|Any CPU
		{01BFCB29-802B-47F8-8323-616CFD4F26F0}.Debug|x86.ActiveCfg = Debug|Any CPU
		{01BFCB29-802B-47F8-8323-616CFD4F26F0}.Debug|x86.Build.0 = Debug|Any CPU
		{01BFCB29-802B-47F8-8323-616CFD4F26F0}.Release|Any CPU.ActiveCfg = Release|Any CPU
		{01BFCB29-802B-47F8-8323-616CFD4F26F0}.Release|Any CPU.Build.0 = Release|Any CPU
		{01BFCB29-802B-47F8-8323-616CFD4F26F0}.Release|ARM.ActiveCfg = Release|Any CPU
		{01BFCB29-802B-47F8-8323-616CFD4F26F0}.Release|ARM.Build.0 = Release|Any CPU
		{01BFCB29-802B-47F8-8323-616CFD4F26F0}.Release|x64.ActiveCfg = Release|Any CPU
		{01BFCB29-802B-47F8-8323-616CFD4F26F0}.Release|x64.Build.0 = Release|Any CPU
		{01BFCB29-802B-47F8-8323-616CFD4F26F0}.Release|x86.ActiveCfg = Release|Any CPU
		{01BFCB29-802B-47F8-8323-616CFD4F26F0}.Release|x86.Build.0 = Release|Any CPU
		{6257543D-EA5B-463B-87FD-72A7DAC1506E}.Debug|Any CPU.ActiveCfg = Debug|Any CPU
		{6257543D-EA5B-463B-87FD-72A7DAC1506E}.Debug|Any CPU.Build.0 = Debug|Any CPU
		{6257543D-EA5B-463B-87FD-72A7DAC1506E}.Debug|ARM.ActiveCfg = Debug|Any CPU
		{6257543D-EA5B-463B-87FD-72A7DAC1506E}.Debug|ARM.Build.0 = Debug|Any CPU
		{6257543D-EA5B-463B-87FD-72A7DAC1506E}.Debug|x64.ActiveCfg = Debug|Any CPU
		{6257543D-EA5B-463B-87FD-72A7DAC1506E}.Debug|x64.Build.0 = Debug|Any CPU
		{6257543D-EA5B-463B-87FD-72A7DAC1506E}.Debug|x86.ActiveCfg = Debug|Any CPU
		{6257543D-EA5B-463B-87FD-72A7DAC1506E}.Debug|x86.Build.0 = Debug|Any CPU
		{6257543D-EA5B-463B-87FD-72A7DAC1506E}.Release|Any CPU.ActiveCfg = Release|Any CPU
		{6257543D-EA5B-463B-87FD-72A7DAC1506E}.Release|Any CPU.Build.0 = Release|Any CPU
		{6257543D-EA5B-463B-87FD-72A7DAC1506E}.Release|ARM.ActiveCfg = Release|Any CPU
		{6257543D-EA5B-463B-87FD-72A7DAC1506E}.Release|ARM.Build.0 = Release|Any CPU
		{6257543D-EA5B-463B-87FD-72A7DAC1506E}.Release|x64.ActiveCfg = Release|Any CPU
		{6257543D-EA5B-463B-87FD-72A7DAC1506E}.Release|x64.Build.0 = Release|Any CPU
		{6257543D-EA5B-463B-87FD-72A7DAC1506E}.Release|x86.ActiveCfg = Release|Any CPU
		{6257543D-EA5B-463B-87FD-72A7DAC1506E}.Release|x86.Build.0 = Release|Any CPU
	EndGlobalSection
	GlobalSection(SolutionProperties) = preSolution
		HideSolutionNode = FALSE
	EndGlobalSection
	GlobalSection(ExtensibilityGlobals) = postSolution
		SolutionGuid = {C6538D0E-1E4C-4C9F-A511-EA7DB6D681BB}
	EndGlobalSection
EndGlobal
