
Microsoft Visual Studio Solution File, Format Version 12.00
# Visual Studio 15
VisualStudioVersion = 15.0.28010.2041
MinimumVisualStudioVersion = 10.0.40219.1
Project("{FAE04EC0-301F-11D3-BF4B-00C04F79EFBC}") = "Interface", "Restaurant\Interface.csproj", "{F79BB125-9AD0-4E45-85D4-1667B25C4D9A}"
EndProject
Project("{FAE04EC0-301F-11D3-BF4B-00C04F79EFBC}") = "DataAccess", "DataAccess\DataAccess.csproj", "{8A6C9F75-F1D0-4006-A30C-8BF5258A2DA9}"
EndProject
Global
	GlobalSection(SolutionConfigurationPlatforms) = preSolution
		Debug|Any CPU = Debug|Any CPU
		Release|Any CPU = Release|Any CPU
	EndGlobalSection
	GlobalSection(ProjectConfigurationPlatforms) = postSolution
		{F79BB125-9AD0-4E45-85D4-1667B25C4D9A}.Debug|Any CPU.ActiveCfg = Debug|Any CPU
		{F79BB125-9AD0-4E45-85D4-1667B25C4D9A}.Debug|Any CPU.Build.0 = Debug|Any CPU
		{F79BB125-9AD0-4E45-85D4-1667B25C4D9A}.Release|Any CPU.ActiveCfg = Release|Any CPU
		{F79BB125-9AD0-4E45-85D4-1667B25C4D9A}.Release|Any CPU.Build.0 = Release|Any CPU
		{8A6C9F75-F1D0-4006-A30C-8BF5258A2DA9}.Debug|Any CPU.ActiveCfg = Debug|Any CPU
		{8A6C9F75-F1D0-4006-A30C-8BF5258A2DA9}.Debug|Any CPU.Build.0 = Debug|Any CPU
		{8A6C9F75-F1D0-4006-A30C-8BF5258A2DA9}.Release|Any CPU.ActiveCfg = Release|Any CPU
		{8A6C9F75-F1D0-4006-A30C-8BF5258A2DA9}.Release|Any CPU.Build.0 = Release|Any CPU
	EndGlobalSection
	GlobalSection(SolutionProperties) = preSolution
		HideSolutionNode = FALSE
	EndGlobalSection
	GlobalSection(ExtensibilityGlobals) = postSolution
		SolutionGuid = {C6538D0E-1E4C-4C9F-A511-EA7DB6D681BB}
	EndGlobalSection
EndGlobal
