
Microsoft Visual Studio Solution File, Format Version 11.00
# Visual Studio 2010
Project("{FAE04EC0-301F-11D3-BF4B-00C04F79EFBC}") = "Restaurant", "Restaurante\Restaurant.csproj", "{4B26E026-09DE-4401-9904-3ABBE0A3D4F9}"
EndProject
Project("{FAE04EC0-301F-11D3-BF4B-00C04F79EFBC}") = "Interface", "Interface\Interface.csproj", "{6C06C81E-C5C8-4BF7-906D-75648467DBF5}"
EndProject
Project("{FAE04EC0-301F-11D3-BF4B-00C04F79EFBC}") = "DataAccess", "DataAccess\DataAccess.csproj", "{98BE728A-150B-4EFF-AC17-7E328DA53B8C}"
EndProject
Global
	GlobalSection(SolutionConfigurationPlatforms) = preSolution
		Debug|Any CPU = Debug|Any CPU
		Debug|Mixed Platforms = Debug|Mixed Platforms
		Debug|x86 = Debug|x86
		Release|Any CPU = Release|Any CPU
		Release|Mixed Platforms = Release|Mixed Platforms
		Release|x86 = Release|x86
	EndGlobalSection
	GlobalSection(ProjectConfigurationPlatforms) = postSolution
		{4B26E026-09DE-4401-9904-3ABBE0A3D4F9}.Debug|Any CPU.ActiveCfg = Debug|x86
		{4B26E026-09DE-4401-9904-3ABBE0A3D4F9}.Debug|Mixed Platforms.ActiveCfg = Debug|x86
		{4B26E026-09DE-4401-9904-3ABBE0A3D4F9}.Debug|Mixed Platforms.Build.0 = Debug|x86
		{4B26E026-09DE-4401-9904-3ABBE0A3D4F9}.Debug|x86.ActiveCfg = Debug|x86
		{4B26E026-09DE-4401-9904-3ABBE0A3D4F9}.Debug|x86.Build.0 = Debug|x86
		{4B26E026-09DE-4401-9904-3ABBE0A3D4F9}.Release|Any CPU.ActiveCfg = Release|x86
		{4B26E026-09DE-4401-9904-3ABBE0A3D4F9}.Release|Mixed Platforms.ActiveCfg = Release|x86
		{4B26E026-09DE-4401-9904-3ABBE0A3D4F9}.Release|Mixed Platforms.Build.0 = Release|x86
		{4B26E026-09DE-4401-9904-3ABBE0A3D4F9}.Release|x86.ActiveCfg = Release|x86
		{4B26E026-09DE-4401-9904-3ABBE0A3D4F9}.Release|x86.Build.0 = Release|x86
		{6C06C81E-C5C8-4BF7-906D-75648467DBF5}.Debug|Any CPU.ActiveCfg = Debug|Any CPU
		{6C06C81E-C5C8-4BF7-906D-75648467DBF5}.Debug|Any CPU.Build.0 = Debug|Any CPU
		{6C06C81E-C5C8-4BF7-906D-75648467DBF5}.Debug|Mixed Platforms.ActiveCfg = Debug|Any CPU
		{6C06C81E-C5C8-4BF7-906D-75648467DBF5}.Debug|Mixed Platforms.Build.0 = Debug|Any CPU
		{6C06C81E-C5C8-4BF7-906D-75648467DBF5}.Debug|x86.ActiveCfg = Debug|Any CPU
		{6C06C81E-C5C8-4BF7-906D-75648467DBF5}.Release|Any CPU.ActiveCfg = Release|Any CPU
		{6C06C81E-C5C8-4BF7-906D-75648467DBF5}.Release|Any CPU.Build.0 = Release|Any CPU
		{6C06C81E-C5C8-4BF7-906D-75648467DBF5}.Release|Mixed Platforms.ActiveCfg = Release|Any CPU
		{6C06C81E-C5C8-4BF7-906D-75648467DBF5}.Release|Mixed Platforms.Build.0 = Release|Any CPU
		{6C06C81E-C5C8-4BF7-906D-75648467DBF5}.Release|x86.ActiveCfg = Release|Any CPU
		{98BE728A-150B-4EFF-AC17-7E328DA53B8C}.Debug|Any CPU.ActiveCfg = Debug|Any CPU
		{98BE728A-150B-4EFF-AC17-7E328DA53B8C}.Debug|Any CPU.Build.0 = Debug|Any CPU
		{98BE728A-150B-4EFF-AC17-7E328DA53B8C}.Debug|Mixed Platforms.ActiveCfg = Debug|Any CPU
		{98BE728A-150B-4EFF-AC17-7E328DA53B8C}.Debug|Mixed Platforms.Build.0 = Debug|Any CPU
		{98BE728A-150B-4EFF-AC17-7E328DA53B8C}.Debug|x86.ActiveCfg = Debug|Any CPU
		{98BE728A-150B-4EFF-AC17-7E328DA53B8C}.Release|Any CPU.ActiveCfg = Release|Any CPU
		{98BE728A-150B-4EFF-AC17-7E328DA53B8C}.Release|Any CPU.Build.0 = Release|Any CPU
		{98BE728A-150B-4EFF-AC17-7E328DA53B8C}.Release|Mixed Platforms.ActiveCfg = Release|Any CPU
		{98BE728A-150B-4EFF-AC17-7E328DA53B8C}.Release|Mixed Platforms.Build.0 = Release|Any CPU
		{98BE728A-150B-4EFF-AC17-7E328DA53B8C}.Release|x86.ActiveCfg = Release|Any CPU
	EndGlobalSection
	GlobalSection(SolutionProperties) = preSolution
		HideSolutionNode = FALSE
	EndGlobalSection
EndGlobal
